
Microsoft Visual Studio Solution File, Format Version 12.00
# Visual Studio 15
VisualStudioVersion = 15.0.26430.12
MinimumVisualStudioVersion = 10.0.40219.1
Project("{FAE04EC0-301F-11D3-BF4B-00C04F79EFBC}") = "FcNet.TabMenu", "FcNet.TabMenu\FcNet.TabMenu.csproj", "{B8E26929-2558-44D2-9512-C41ABD22F26A}"
EndProject
Project("{FAE04EC0-301F-11D3-BF4B-00C04F79EFBC}") = "FcNet.TabMenu.Sample", "FcNet.TabMenu.Sample\FcNet.TabMenu.Sample.csproj", "{7E16B565-E168-4507-B13F-0A8A925BC573}"
EndProject
Global
	GlobalSection(SolutionConfigurationPlatforms) = preSolution
		Debug|Any CPU = Debug|Any CPU
		Release|Any CPU = Release|Any CPU
	EndGlobalSection
	GlobalSection(ProjectConfigurationPlatforms) = postSolution
		{B8E26929-2558-44D2-9512-C41ABD22F26A}.Debug|Any CPU.ActiveCfg = Debug|Any CPU
		{B8E26929-2558-44D2-9512-C41ABD22F26A}.Debug|Any CPU.Build.0 = Debug|Any CPU
		{B8E26929-2558-44D2-9512-C41ABD22F26A}.Release|Any CPU.ActiveCfg = Release|Any CPU
		{B8E26929-2558-44D2-9512-C41ABD22F26A}.Release|Any CPU.Build.0 = Release|Any CPU
		{7E16B565-E168-4507-B13F-0A8A925BC573}.Debug|Any CPU.ActiveCfg = Debug|Any CPU
		{7E16B565-E168-4507-B13F-0A8A925BC573}.Debug|Any CPU.Build.0 = Debug|Any CPU
		{7E16B565-E168-4507-B13F-0A8A925BC573}.Release|Any CPU.ActiveCfg = Release|Any CPU
		{7E16B565-E168-4507-B13F-0A8A925BC573}.Release|Any CPU.Build.0 = Release|Any CPU
	EndGlobalSection
	GlobalSection(SolutionProperties) = preSolution
		HideSolutionNode = FALSE
	EndGlobalSection
EndGlobal
